[[package]]
name = "bimap"
version = "0.1.5"
source = "registry+https://github.com/rust-lang/crates.io-index"

[[package]]
name = "funkicrab"
version = "0.1.0"
dependencies = [
 "bimap 0.1.5 (registry+https://github.com/rust-lang/crates.io-index)",
]

[metadata]
"checksum bimap 0.1.5 (registry+https://github.com/rust-lang/crates.io-index)" = "6b282b982237078bfac61a948a2198f185aceea8b9a6e794b70b96fd31923d3d"
